{
  "pins" : [
    {
      "identity" : "detours",
      "kind" : "remoteSourceControl",
      "location" : "https://github.com/modmuss50/Detours",
      "state" : {
        "branch" : "23deb11",
        "revision" : "23deb111ae4c751be9bd28bd49e7294c0e49640e"
      }
    },
    {
      "identity" : "swift-log",
      "kind" : "remoteSourceControl",
      "location" : "https://github.com/apple/swift-log.git",
      "state" : {
        "revision" : "e97a6fcb1ab07462881ac165fdbb37f067e205d5",
        "version" : "1.5.4"
      }
    },
    {
      "identity" : "swift-syntax",
      "kind" : "remoteSourceControl",
      "location" : "https://github.com/apple/swift-syntax.git",
      "state" : {
        "revision" : "303e5c5c36d6a558407d364878df131c3546fad8",
        "version" : "510.0.2"
      }
    },
    {
      "identity" : "swift-testing",
      "kind" : "remoteSourceControl",
      "location" : "https://github.com/apple/swift-testing",
      "state" : {
        "revision" : "8097dd8bcf7f2ed85f8aa8883635ce413012f53b",
        "version" : "0.6.0"
      }
    }
  ],
  "version" : 2
}